// !$*UTF8*$!
{
	archiveVersion = 1;
	classes = {
	};
	objectVersion = 55;
	objects = {

/* Begin PBXBuildFile section */
		58BC27D92912F51600FEC46A /* AppDelegate.swift in Sources */ = {isa = PBXBuildFile; fileRef = 58BC27D82912F51600FEC46A /* AppDelegate.swift */; };
		58BC27DB2912F51600FEC46A /* SceneDelegate.swift in Sources */ = {isa = PBXBuildFile; fileRef = 58BC27DA2912F51600FEC46A /* SceneDelegate.swift */; };
		58BC27DD2912F51600FEC46A /* ViewController.swift in Sources */ = {isa = PBXBuildFile; fileRef = 58BC27DC2912F51600FEC46A /* ViewController.swift */; };
		58BC27E02912F51600FEC46A /* Main.storyboard in Resources */ = {isa = PBXBuildFile; fileRef = 58BC27DE2912F51600FEC46A /* Main.storyboard */; };
		58BC27E52912F51800FEC46A /* LaunchScreen.storyboard in Resources */ = {isa = PBXBuildFile; fileRef = 58BC27E32912F51800FEC46A /* LaunchScreen.storyboard */; };
		58BC27F02912F51900FEC46A /* WeatherTests.swift in Sources */ = {isa = PBXBuildFile; fileRef = 58BC27EF2912F51900FEC46A /* WeatherTests.swift */; };
		58BC27FA2912F51900FEC46A /* WeatherUITests.swift in Sources */ = {isa = PBXBuildFile; fileRef = 58BC27F92912F51900FEC46A /* WeatherUITests.swift */; };
		58BC27FC2912F51900FEC46A /* WeatherUITestsLaunchTests.swift in Sources */ = {isa = PBXBuildFile; fileRef = 58BC27FB2912F51900FEC46A /* WeatherUITestsLaunchTests.swift */; };
		58BC280E2912F58A00FEC46A /* HomeScreenViewModel.swift in Sources */ = {isa = PBXBuildFile; fileRef = 58BC280A2912F58A00FEC46A /* HomeScreenViewModel.swift */; };
		58BC280F2912F58A00FEC46A /* HomeScreen.storyboard in Resources */ = {isa = PBXBuildFile; fileRef = 58BC280B2912F58A00FEC46A /* HomeScreen.storyboard */; };
		58BC28102912F58A00FEC46A /* HomeScreenViewContoller.swift in Sources */ = {isa = PBXBuildFile; fileRef = 58BC280C2912F58A00FEC46A /* HomeScreenViewContoller.swift */; };
		58BC28112912F58A00FEC46A /* WeatherTableViewCell.swift in Sources */ = {isa = PBXBuildFile; fileRef = 58BC280D2912F58A00FEC46A /* WeatherTableViewCell.swift */; };
		58BC28152912F5A100FEC46A /* SplashScreen.storyboard in Resources */ = {isa = PBXBuildFile; fileRef = 58BC28122912F5A100FEC46A /* SplashScreen.storyboard */; };
		58BC28162912F5A100FEC46A /* SplashScreenViewController.swift in Sources */ = {isa = PBXBuildFile; fileRef = 58BC28132912F5A100FEC46A /* SplashScreenViewController.swift */; };
		58BC28172912F5A100FEC46A /* SplashScreenViewModel.swift in Sources */ = {isa = PBXBuildFile; fileRef = 58BC28142912F5A100FEC46A /* SplashScreenViewModel.swift */; };
		58BC28192912F5B700FEC46A /* Assets.xcassets in Resources */ = {isa = PBXBuildFile; fileRef = 58BC28182912F5B700FEC46A /* Assets.xcassets */; };
		58BC281C2912F5DC00FEC46A /* WeatherResponse.swift in Sources */ = {isa = PBXBuildFile; fileRef = 58BC281B2912F5DC00FEC46A /* WeatherResponse.swift */; };
		58BC281F2912F6F500FEC46A /* Service.swift in Sources */ = {isa = PBXBuildFile; fileRef = 58BC281E2912F6F500FEC46A /* Service.swift */; };
/* End PBXBuildFile section */

/* Begin PBXContainerItemProxy section */
		58BC27EC2912F51900FEC46A /* PBXContainerItemProxy */ = {
			isa = PBXContainerItemProxy;
			containerPortal = 58BC27CD2912F51600FEC46A /* Project object */;
			proxyType = 1;
			remoteGlobalIDString = 58BC27D42912F51600FEC46A;
			remoteInfo = Weather;
		};
		58BC27F62912F51900FEC46A /* PBXContainerItemProxy */ = {
			isa = PBXContainerItemProxy;
			containerPortal = 58BC27CD2912F51600FEC46A /* Project object */;
			proxyType = 1;
			remoteGlobalIDString = 58BC27D42912F51600FEC46A;
			remoteInfo = Weather;
		};
/* End PBXContainerItemProxy section */

/* Begin PBXFileReference section */
		58BC27D52912F51600FEC46A /* Weather.app */ = {isa = PBXFileReference; explicitFileType = wrapper.application; includeInIndex = 0; path = Weather.app; sourceTree = BUILT_PRODUCTS_DIR; };
		58BC27D82912F51600FEC46A /* AppDelegate.swift */ = {isa = PBXFileReference; lastKnownFileType = sourcecode.swift; path = AppDelegate.swift; sourceTree = "<group>"; };
		58BC27DA2912F51600FEC46A /* SceneDelegate.swift */ = {isa = PBXFileReference; lastKnownFileType = sourcecode.swift; path = SceneDelegate.swift; sourceTree = "<group>"; };
		58BC27DC2912F51600FEC46A /* ViewController.swift */ = {isa = PBXFileReference; lastKnownFileType = sourcecode.swift; path = ViewController.swift; sourceTree = "<group>"; };
		58BC27DF2912F51600FEC46A /* Base */ = {isa = PBXFileReference; lastKnownFileType = file.storyboard; name = Base; path = Base.lproj/Main.storyboard; sourceTree = "<group>"; };
		58BC27E42912F51800FEC46A /* Base */ = {isa = PBXFileReference; lastKnownFileType = file.storyboard; name = Base; path = Base.lproj/LaunchScreen.storyboard; sourceTree = "<group>"; };
		58BC27E62912F51800FEC46A /* Info.plist */ = {isa = PBXFileReference; lastKnownFileType = text.plist.xml; path = Info.plist; sourceTree = "<group>"; };
		58BC27EB2912F51900FEC46A /* WeatherTests.xctest */ = {isa = PBXFileReference; explicitFileType = wrapper.cfbundle; includeInIndex = 0; path = WeatherTests.xctest; sourceTree = BUILT_PRODUCTS_DIR; };
		58BC27EF2912F51900FEC46A /* WeatherTests.swift */ = {isa = PBXFileReference; lastKnownFileType = sourcecode.swift; path = WeatherTests.swift; sourceTree = "<group>"; };
		58BC27F52912F51900FEC46A /* WeatherUITests.xctest */ = {isa = PBXFileReference; explicitFileType = wrapper.cfbundle; includeInIndex = 0; path = WeatherUITests.xctest; sourceTree = BUILT_PRODUCTS_DIR; };
		58BC27F92912F51900FEC46A /* WeatherUITests.swift */ = {isa = PBXFileReference; lastKnownFileType = sourcecode.swift; path = WeatherUITests.swift; sourceTree = "<group>"; };
		58BC27FB2912F51900FEC46A /* WeatherUITestsLaunchTests.swift */ = {isa = PBXFileReference; lastKnownFileType = sourcecode.swift; path = WeatherUITestsLaunchTests.swift; sourceTree = "<group>"; };
		58BC280A2912F58A00FEC46A /* HomeScreenViewModel.swift */ = {isa = PBXFileReference; fileEncoding = 4; lastKnownFileType = sourcecode.swift; path = HomeScreenViewModel.swift; sourceTree = "<group>"; };
		58BC280B2912F58A00FEC46A /* HomeScreen.storyboard */ = {isa = PBXFileReference; fileEncoding = 4; lastKnownFileType = file.storyboard; path = HomeScreen.storyboard; sourceTree = "<group>"; };
		58BC280C2912F58A00FEC46A /* HomeScreenViewContoller.swift */ = {isa = PBXFileReference; fileEncoding = 4; lastKnownFileType = sourcecode.swift; path = HomeScreenViewContoller.swift; sourceTree = "<group>"; };
		58BC280D2912F58A00FEC46A /* WeatherTableViewCell.swift */ = {isa = PBXFileReference; fileEncoding = 4; lastKnownFileType = sourcecode.swift; path = WeatherTableViewCell.swift; sourceTree = "<group>"; };
		58BC28122912F5A100FEC46A /* SplashScreen.storyboard */ = {isa = PBXFileReference; fileEncoding = 4; lastKnownFileType = file.storyboard; path = SplashScreen.storyboard; sourceTree = "<group>"; };
		58BC28132912F5A100FEC46A /* SplashScreenViewController.swift */ = {isa = PBXFileReference; fileEncoding = 4; lastKnownFileType = sourcecode.swift; path = SplashScreenViewController.swift; sourceTree = "<group>"; };
		58BC28142912F5A100FEC46A /* SplashScreenViewModel.swift */ = {isa = PBXFileReference; fileEncoding = 4; lastKnownFileType = sourcecode.swift; path = SplashScreenViewModel.swift; sourceTree = "<group>"; };
		58BC28182912F5B700FEC46A /* Assets.xcassets */ = {isa = PBXFileReference; lastKnownFileType = folder.assetcatalog; name = Assets.xcassets; path = "../../../Weather/WeatherApp-master/Weather/Weather/Assets.xcassets"; sourceTree = "<group>"; };
		58BC281B2912F5DC00FEC46A /* WeatherResponse.swift */ = {isa = PBXFileReference; fileEncoding = 4; lastKnownFileType = sourcecode.swift; path = WeatherResponse.swift; sourceTree = "<group>"; };
		58BC281E2912F6F500FEC46A /* Service.swift */ = {isa = PBXFileReference; fileEncoding = 4; lastKnownFileType = sourcecode.swift; path = Service.swift; sourceTree = "<group>"; };
/* End PBXFileReference section */

/* Begin PBXFrameworksBuildPhase section */
		58BC27D22912F51600FEC46A /* Frameworks */ = {
			isa = PBXFrameworksBuildPhase;
			buildActionMask = 2147483647;
			files = (
			);
			runOnlyForDeploymentPostprocessing = 0;
		};
		58BC27E82912F51900FEC46A /* Frameworks */ = {
			isa = PBXFrameworksBuildPhase;
			buildActionMask = 2147483647;
			files = (
			);
			runOnlyForDeploymentPostprocessing = 0;
		};
		58BC27F22912F51900FEC46A /* Frameworks */ = {
			isa = PBXFrameworksBuildPhase;
			buildActionMask = 2147483647;
			files = (
			);
			runOnlyForDeploymentPostprocessing = 0;
		};
/* End PBXFrameworksBuildPhase section */

/* Begin PBXGroup section */
		58BC27CC2912F51600FEC46A = {
			isa = PBXGroup;
			children = (
				58BC27D72912F51600FEC46A /* Weather */,
				58BC27EE2912F51900FEC46A /* WeatherTests */,
				58BC27F82912F51900FEC46A /* WeatherUITests */,
				58BC27D62912F51600FEC46A /* Products */,
			);
			sourceTree = "<group>";
		};
		58BC27D62912F51600FEC46A /* Products */ = {
			isa = PBXGroup;
			children = (
				58BC27D52912F51600FEC46A /* Weather.app */,
				58BC27EB2912F51900FEC46A /* WeatherTests.xctest */,
				58BC27F52912F51900FEC46A /* WeatherUITests.xctest */,
			);
			name = Products;
			sourceTree = "<group>";
		};
		58BC27D72912F51600FEC46A /* Weather */ = {
			isa = PBXGroup;
			children = (
				58BC281D2912F6DB00FEC46A /* Service */,
				58BC281A2912F5CB00FEC46A /* Model */,
				58BC28092912F55F00FEC46A /* Home Screen */,
				58BC28082912F54F00FEC46A /* Splash Screen */,
				58BC27D82912F51600FEC46A /* AppDelegate.swift */,
				58BC27DA2912F51600FEC46A /* SceneDelegate.swift */,
				58BC27DC2912F51600FEC46A /* ViewController.swift */,
				58BC27DE2912F51600FEC46A /* Main.storyboard */,
				58BC28182912F5B700FEC46A /* Assets.xcassets */,
				58BC27E32912F51800FEC46A /* LaunchScreen.storyboard */,
				58BC27E62912F51800FEC46A /* Info.plist */,
			);
			path = Weather;
			sourceTree = "<group>";
		};
		58BC27EE2912F51900FEC46A /* WeatherTests */ = {
			isa = PBXGroup;
			children = (
				58BC27EF2912F51900FEC46A /* WeatherTests.swift */,
			);
			path = WeatherTests;
			sourceTree = "<group>";
		};
		58BC27F82912F51900FEC46A /* WeatherUITests */ = {
			isa = PBXGroup;
			children = (
				58BC27F92912F51900FEC46A /* WeatherUITests.swift */,
				58BC27FB2912F51900FEC46A /* WeatherUITestsLaunchTests.swift */,
			);
			path = WeatherUITests;
			sourceTree = "<group>";
		};
		58BC28082912F54F00FEC46A /* Splash Screen */ = {
			isa = PBXGroup;
			children = (
				58BC28122912F5A100FEC46A /* SplashScreen.storyboard */,
				58BC28132912F5A100FEC46A /* SplashScreenViewController.swift */,
				58BC28142912F5A100FEC46A /* SplashScreenViewModel.swift */,
			);
			path = "Splash Screen";
			sourceTree = "<group>";
		};
		58BC28092912F55F00FEC46A /* Home Screen */ = {
			isa = PBXGroup;
			children = (
				58BC280B2912F58A00FEC46A /* HomeScreen.storyboard */,
				58BC280C2912F58A00FEC46A /* HomeScreenViewContoller.swift */,
				58BC280A2912F58A00FEC46A /* HomeScreenViewModel.swift */,
				58BC280D2912F58A00FEC46A /* WeatherTableViewCell.swift */,
			);
			path = "Home Screen";
			sourceTree = "<group>";
		};
		58BC281A2912F5CB00FEC46A /* Model */ = {
			isa = PBXGroup;
			children = (
				58BC281B2912F5DC00FEC46A /* WeatherResponse.swift */,
			);
			path = Model;
			sourceTree = "<group>";
		};
		58BC281D2912F6DB00FEC46A /* Service */ = {
			isa = PBXGroup;
			children = (
				58BC281E2912F6F500FEC46A /* Service.swift */,
			);
			path = Service;
			sourceTree = "<group>";
		};
/* End PBXGroup section */

/* Begin PBXNativeTarget section */
		58BC27D42912F51600FEC46A /* Weather */ = {
			isa = PBXNativeTarget;
			buildConfigurationList = 58BC27FF2912F51900FEC46A /* Build configuration list for PBXNativeTarget "Weather" */;
			buildPhases = (
				58BC27D12912F51600FEC46A /* Sources */,
				58BC27D22912F51600FEC46A /* Frameworks */,
				58BC27D32912F51600FEC46A /* Resources */,
			);
			buildRules = (
			);
			dependencies = (
			);
			name = Weather;
			productName = Weather;
			productReference = 58BC27D52912F51600FEC46A /* Weather.app */;
			productType = "com.apple.product-type.application";
		};
		58BC27EA2912F51900FEC46A /* WeatherTests */ = {
			isa = PBXNativeTarget;
			buildConfigurationList = 58BC28022912F51900FEC46A /* Build configuration list for PBXNativeTarget "WeatherTests" */;
			buildPhases = (
				58BC27E72912F51900FEC46A /* Sources */,
				58BC27E82912F51900FEC46A /* Frameworks */,
				58BC27E92912F51900FEC46A /* Resources */,
			);
			buildRules = (
			);
			dependencies = (
				58BC27ED2912F51900FEC46A /* PBXTargetDependency */,
			);
			name = WeatherTests;
			productName = WeatherTests;
			productReference = 58BC27EB2912F51900FEC46A /* WeatherTests.xctest */;
			productType = "com.apple.product-type.bundle.unit-test";
		};
		58BC27F42912F51900FEC46A /* WeatherUITests */ = {
			isa = PBXNativeTarget;
			buildConfigurationList = 58BC28052912F51900FEC46A /* Build configuration list for PBXNativeTarget "WeatherUITests" */;
			buildPhases = (
				58BC27F12912F51900FEC46A /* Sources */,
				58BC27F22912F51900FEC46A /* Frameworks */,
				58BC27F32912F51900FEC46A /* Resources */,
			);
			buildRules = (
			);
			dependencies = (
				58BC27F72912F51900FEC46A /* PBXTargetDependency */,
			);
			name = WeatherUITests;
			productName = WeatherUITests;
			productReference = 58BC27F52912F51900FEC46A /* WeatherUITests.xctest */;
			productType = "com.apple.product-type.bundle.ui-testing";
		};
/* End PBXNativeTarget section */

/* Begin PBXProject section */
		58BC27CD2912F51600FEC46A /* Project object */ = {
			isa = PBXProject;
			attributes = {
				BuildIndependentTargetsInParallel = 1;
				LastSwiftUpdateCheck = 1340;
				LastUpgradeCheck = 1340;
				TargetAttributes = {
					58BC27D42912F51600FEC46A = {
						CreatedOnToolsVersion = 13.4.1;
					};
					58BC27EA2912F51900FEC46A = {
						CreatedOnToolsVersion = 13.4.1;
						TestTargetID = 58BC27D42912F51600FEC46A;
					};
					58BC27F42912F51900FEC46A = {
						CreatedOnToolsVersion = 13.4.1;
						TestTargetID = 58BC27D42912F51600FEC46A;
					};
				};
			};
			buildConfigurationList = 58BC27D02912F51600FEC46A /* Build configuration list for PBXProject "Weather" */;
			compatibilityVersion = "Xcode 13.0";
			developmentRegion = en;
			hasScannedForEncodings = 0;
			knownRegions = (
				en,
				Base,
			);
			mainGroup = 58BC27CC2912F51600FEC46A;
			productRefGroup = 58BC27D62912F51600FEC46A /* Products */;
			projectDirPath = "";
			projectRoot = "";
			targets = (
				58BC27D42912F51600FEC46A /* Weather */,
				58BC27EA2912F51900FEC46A /* WeatherTests */,
				58BC27F42912F51900FEC46A /* WeatherUITests */,
			);
		};
/* End PBXProject section */

/* Begin PBXResourcesBuildPhase section */
		58BC27D32912F51600FEC46A /* Resources */ = {
			isa = PBXResourcesBuildPhase;
			buildActionMask = 2147483647;
			files = (
				58BC27E52912F51800FEC46A /* LaunchScreen.storyboard in Resources */,
				58BC280F2912F58A00FEC46A /* HomeScreen.storyboard in Resources */,
				58BC28152912F5A100FEC46A /* SplashScreen.storyboard in Resources */,
				58BC28192912F5B700FEC46A /* Assets.xcassets in Resources */,
				58BC27E02912F51600FEC46A /* Main.storyboard in Resources */,
			);
			runOnlyForDeploymentPostprocessing = 0;
		};
		58BC27E92912F51900FEC46A /* Resources */ = {
			isa = PBXResourcesBuildPhase;
			buildActionMask = 2147483647;
			files = (
			);
			runOnlyForDeploymentPostprocessing = 0;
		};
		58BC27F32912F51900FEC46A /* Resources */ = {
			isa = PBXResourcesBuildPhase;
			buildActionMask = 2147483647;
			files = (
			);
			runOnlyForDeploymentPostprocessing = 0;
		};
/* End PBXResourcesBuildPhase section */

/* Begin PBXSourcesBuildPhase section */
		58BC27D12912F51600FEC46A /* Sources */ = {
			isa = PBXSourcesBuildPhase;
			buildActionMask = 2147483647;
			files = (
				58BC28112912F58A00FEC46A /* WeatherTableViewCell.swift in Sources */,
				58BC27DD2912F51600FEC46A /* ViewController.swift in Sources */,
				58BC28162912F5A100FEC46A /* SplashScreenViewController.swift in Sources */,
				58BC28102912F58A00FEC46A /* HomeScreenViewContoller.swift in Sources */,
				58BC280E2912F58A00FEC46A /* HomeScreenViewModel.swift in Sources */,
				58BC28172912F5A100FEC46A /* SplashScreenViewModel.swift in Sources */,
				58BC27D92912F51600FEC46A /* AppDelegate.swift in Sources */,
				58BC281F2912F6F500FEC46A /* Service.swift in Sources */,
				58BC281C2912F5DC00FEC46A /* WeatherResponse.swift in Sources */,
				58BC27DB2912F51600FEC46A /* SceneDelegate.swift in Sources */,
			);
			runOnlyForDeploymentPostprocessing = 0;
		};
		58BC27E72912F51900FEC46A /* Sources */ = {
			isa = PBXSourcesBuildPhase;
			buildActionMask = 2147483647;
			files = (
				58BC27F02912F51900FEC46A /* WeatherTests.swift in Sources */,
			);
			runOnlyForDeploymentPostprocessing = 0;
		};
		58BC27F12912F51900FEC46A /* Sources */ = {
			isa = PBXSourcesBuildPhase;
			buildActionMask = 2147483647;
			files = (
				58BC27FA2912F51900FEC46A /* WeatherUITests.swift in Sources */,
				58BC27FC2912F51900FEC46A /* WeatherUITestsLaunchTests.swift in Sources */,
			);
			runOnlyForDeploymentPostprocessing = 0;
		};
/* End PBXSourcesBuildPhase section */

/* Begin PBXTargetDependency section */
		58BC27ED2912F51900FEC46A /* PBXTargetDependency */ = {
			isa = PBXTargetDependency;
			target = 58BC27D42912F51600FEC46A /* Weather */;
			targetProxy = 58BC27EC2912F51900FEC46A /* PBXContainerItemProxy */;
		};
		58BC27F72912F51900FEC46A /* PBXTargetDependency */ = {
			isa = PBXTargetDependency;
			target = 58BC27D42912F51600FEC46A /* Weather */;
			targetProxy = 58BC27F62912F51900FEC46A /* PBXContainerItemProxy */;
		};
/* End PBXTargetDependency section */

/* Begin PBXVariantGroup section */
		58BC27DE2912F51600FEC46A /* Main.storyboard */ = {
			isa = PBXVariantGroup;
			children = (
				58BC27DF2912F51600FEC46A /* Base */,
			);
			name = Main.storyboard;
			sourceTree = "<group>";
		};
		58BC27E32912F51800FEC46A /* LaunchScreen.storyboard */ = {
			isa = PBXVariantGroup;
			children = (
				58BC27E42912F51800FEC46A /* Base */,
			);
			name = LaunchScreen.storyboard;
			sourceTree = "<group>";
		};
/* End PBXVariantGroup section */

/* Begin XCBuildConfiguration section */
		58BC27FD2912F51900FEC46A /* Debug */ = {
			isa = XCBuildConfiguration;
			buildSettings = {
				ALWAYS_SEARCH_USER_PATHS = NO;
				CLANG_ANALYZER_NONNULL = YES;
				CLANG_ANALYZER_NUMBER_OBJECT_CONVERSION = YES_AGGRESSIVE;
				CLANG_CXX_LANGUAGE_STANDARD = "gnu++17";
				CLANG_ENABLE_MODULES = YES;
				CLANG_ENABLE_OBJC_ARC = YES;
				CLANG_ENABLE_OBJC_WEAK = YES;
				CLANG_WARN_BLOCK_CAPTURE_AUTORELEASING = YES;
				CLANG_WARN_BOOL_CONVERSION = YES;
				CLANG_WARN_COMMA = YES;
				CLANG_WARN_CONSTANT_CONVERSION = YES;
				CLANG_WARN_DEPRECATED_OBJC_IMPLEMENTATIONS = YES;
				CLANG_WARN_DIRECT_OBJC_ISA_USAGE = YES_ERROR;
				CLANG_WARN_DOCUMENTATION_COMMENTS = YES;
				CLANG_WARN_EMPTY_BODY = YES;
				CLANG_WARN_ENUM_CONVERSION = YES;
				CLANG_WARN_INFINITE_RECURSION = YES;
				CLANG_WARN_INT_CONVERSION = YES;
				CLANG_WARN_NON_LITERAL_NULL_CONVERSION = YES;
				CLANG_WARN_OBJC_IMPLICIT_RETAIN_SELF = YES;
				CLANG_WARN_OBJC_LITERAL_CONVERSION = YES;
				CLANG_WARN_OBJC_ROOT_CLASS = YES_ERROR;
				CLANG_WARN_QUOTED_INCLUDE_IN_FRAMEWORK_HEADER = YES;
				CLANG_WARN_RANGE_LOOP_ANALYSIS = YES;
				CLANG_WARN_STRICT_PROTOTYPES = YES;
				CLANG_WARN_SUSPICIOUS_MOVE = YES;
				CLANG_WARN_UNGUARDED_AVAILABILITY = YES_AGGRESSIVE;
				CLANG_WARN_UNREACHABLE_CODE = YES;
				CLANG_WARN__DUPLICATE_METHOD_MATCH = YES;
				COPY_PHASE_STRIP = NO;
				DEBUG_INFORMATION_FORMAT = dwarf;
				ENABLE_STRICT_OBJC_MSGSEND = YES;
				ENABLE_TESTABILITY = YES;
				GCC_C_LANGUAGE_STANDARD = gnu11;
				GCC_DYNAMIC_NO_PIC = NO;
				GCC_NO_COMMON_BLOCKS = YES;
				GCC_OPTIMIZATION_LEVEL = 0;
				GCC_PREPROCESSOR_DEFINITIONS = (
					"DEBUG=1",
					"$(inherited)",
				);
				GCC_WARN_64_TO_32_BIT_CONVERSION = YES;
				GCC_WARN_ABOUT_RETURN_TYPE = YES_ERROR;
				GCC_WARN_UNDECLARED_SELECTOR = YES;
				GCC_WARN_UNINITIALIZED_AUTOS = YES_AGGRESSIVE;
				GCC_WARN_UNUSED_FUNCTION = YES;
				GCC_WARN_UNUSED_VARIABLE = YES;
				IPHONEOS_DEPLOYMENT_TARGET = 15.5;
				MTL_ENABLE_DEBUG_INFO = INCLUDE_SOURCE;
				MTL_FAST_MATH = YES;
				ONLY_ACTIVE_ARCH = YES;
				SDKROOT = iphoneos;
				SWIFT_ACTIVE_COMPILATION_CONDITIONS = DEBUG;
				SWIFT_OPTIMIZATION_LEVEL = "-Onone";
			};
			name = Debug;
		};
		58BC27FE2912F51900FEC46A /* Release */ = {
			isa = XCBuildConfiguration;
			buildSettings = {
				ALWAYS_SEARCH_USER_PATHS = NO;
				CLANG_ANALYZER_NONNULL = YES;
				CLANG_ANALYZER_NUMBER_OBJECT_CONVERSION = YES_AGGRESSIVE;
				CLANG_CXX_LANGUAGE_STANDARD = "gnu++17";
				CLANG_ENABLE_MODULES = YES;
				CLANG_ENABLE_OBJC_ARC = YES;
				CLANG_ENABLE_OBJC_WEAK = YES;
				CLANG_WARN_BLOCK_CAPTURE_AUTORELEASING = YES;
				CLANG_WARN_BOOL_CONVERSION = YES;
				CLANG_WARN_COMMA = YES;
				CLANG_WARN_CONSTANT_CONVERSION = YES;
				CLANG_WARN_DEPRECATED_OBJC_IMPLEMENTATIONS = YES;
				CLANG_WARN_DIRECT_OBJC_ISA_USAGE = YES_ERROR;
				CLANG_WARN_DOCUMENTATION_COMMENTS = YES;
				CLANG_WARN_EMPTY_BODY = YES;
				CLANG_WARN_ENUM_CONVERSION = YES;
				CLANG_WARN_INFINITE_RECURSION = YES;
				CLANG_WARN_INT_CONVERSION = YES;
				CLANG_WARN_NON_LITERAL_NULL_CONVERSION = YES;
				CLANG_WARN_OBJC_IMPLICIT_RETAIN_SELF = YES;
				CLANG_WARN_OBJC_LITERAL_CONVERSION = YES;
				CLANG_WARN_OBJC_ROOT_CLASS = YES_ERROR;
				CLANG_WARN_QUOTED_INCLUDE_IN_FRAMEWORK_HEADER = YES;
				CLANG_WARN_RANGE_LOOP_ANALYSIS = YES;
				CLANG_WARN_STRICT_PROTOTYPES = YES;
				CLANG_WARN_SUSPICIOUS_MOVE = YES;
				CLANG_WARN_UNGUARDED_AVAILABILITY = YES_AGGRESSIVE;
				CLANG_WARN_UNREACHABLE_CODE = YES;
				CLANG_WARN__DUPLICATE_METHOD_MATCH = YES;
				COPY_PHASE_STRIP = NO;
				DEBUG_INFORMATION_FORMAT = "dwarf-with-dsym";
				ENABLE_NS_ASSERTIONS = NO;
				ENABLE_STRICT_OBJC_MSGSEND = YES;
				GCC_C_LANGUAGE_STANDARD = gnu11;
				GCC_NO_COMMON_BLOCKS = YES;
				GCC_WARN_64_TO_32_BIT_CONVERSION = YES;
				GCC_WARN_ABOUT_RETURN_TYPE = YES_ERROR;
				GCC_WARN_UNDECLARED_SELECTOR = YES;
				GCC_WARN_UNINITIALIZED_AUTOS = YES_AGGRESSIVE;
				GCC_WARN_UNUSED_FUNCTION = YES;
				GCC_WARN_UNUSED_VARIABLE = YES;
				IPHONEOS_DEPLOYMENT_TARGET = 15.5;
				MTL_ENABLE_DEBUG_INFO = NO;
				MTL_FAST_MATH = YES;
				SDKROOT = iphoneos;
				SWIFT_COMPILATION_MODE = wholemodule;
				SWIFT_OPTIMIZATION_LEVEL = "-O";
				VALIDATE_PRODUCT = YES;
			};
			name = Release;
		};
		58BC28002912F51900FEC46A /* Debug */ = {
			isa = XCBuildConfiguration;
			buildSettings = {
				ASSETCATALOG_COMPILER_APPICON_NAME = AppIcon;
				ASSETCATALOG_COMPILER_GLOBAL_ACCENT_COLOR_NAME = AccentColor;
				CODE_SIGN_STYLE = Automatic;
				CURRENT_PROJECT_VERSION = 1;
				GENERATE_INFOPLIST_FILE = YES;
				INFOPLIST_FILE = Weather/Info.plist;
				INFOPLIST_KEY_UIApplicationSupportsIndirectInputEvents = YES;
				INFOPLIST_KEY_UILaunchStoryboardName = SplashScreen;
				INFOPLIST_KEY_UIMainStoryboardFile = HomeScreen;
				INFOPLIST_KEY_UISupportedInterfaceOrientations_iPad = "UIInterfaceOrientationPortrait UIInterfaceOrientationPortraitUpsideDown UIInterfaceOrientationLandscapeLeft UIInterfaceOrientationLandscapeRight";
				INFOPLIST_KEY_UISupportedInterfaceOrientations_iPhone = "UIInterfaceOrientationPortrait UIInterfaceOrientationLandscapeLeft UIInterfaceOrientationLandscapeRight";
				LD_RUNPATH_SEARCH_PATHS = (
					"$(inherited)",
					"@executable_path/Frameworks",
				);
				MARKETING_VERSION = 1.0;
				PRODUCT_BUNDLE_IDENTIFIER = com.Tshedza.Weather;
				PRODUCT_NAME = "$(TARGET_NAME)";
				SWIFT_EMIT_LOC_STRINGS = YES;
				SWIFT_VERSION = 5.0;
				TARGETED_DEVICE_FAMILY = "1,2";
			};
			name = Debug;
		};
		58BC28012912F51900FEC46A /* Release */ = {
			isa = XCBuildConfiguration;
			buildSettings = {
				ASSETCATALOG_COMPILER_APPICON_NAME = AppIcon;
				ASSETCATALOG_COMPILER_GLOBAL_ACCENT_COLOR_NAME = AccentColor;
				CODE_SIGN_STYLE = Automatic;
				CURRENT_PROJECT_VERSION = 1;
				GENERATE_INFOPLIST_FILE = YES;
				INFOPLIST_FILE = Weather/Info.plist;
				INFOPLIST_KEY_UIApplicationSupportsIndirectInputEvents = YES;
				INFOPLIST_KEY_UILaunchStoryboardName = SplashScreen;
				INFOPLIST_KEY_UIMainStoryboardFile = HomeScreen;
				INFOPLIST_KEY_UISupportedInterfaceOrientations_iPad = "UIInterfaceOrientationPortrait UIInterfaceOrientationPortraitUpsideDown UIInterfaceOrientationLandscapeLeft UIInterfaceOrientationLandscapeRight";
				INFOPLIST_KEY_UISupportedInterfaceOrientations_iPhone = "UIInterfaceOrientationPortrait UIInterfaceOrientationLandscapeLeft UIInterfaceOrientationLandscapeRight";
				LD_RUNPATH_SEARCH_PATHS = (
					"$(inherited)",
					"@executable_path/Frameworks",
				);
				MARKETING_VERSION = 1.0;
				PRODUCT_BUNDLE_IDENTIFIER = com.Tshedza.Weather;
				PRODUCT_NAME = "$(TARGET_NAME)";
				SWIFT_EMIT_LOC_STRINGS = YES;
				SWIFT_VERSION = 5.0;
				TARGETED_DEVICE_FAMILY = "1,2";
			};
			name = Release;
		};
		58BC28032912F51900FEC46A /* Debug */ = {
			isa = XCBuildConfiguration;
			buildSettings = {
				ALWAYS_EMBED_SWIFT_STANDARD_LIBRARIES = YES;
				BUNDLE_LOADER = "$(TEST_HOST)";
				CODE_SIGN_STYLE = Automatic;
				CURRENT_PROJECT_VERSION = 1;
				GENERATE_INFOPLIST_FILE = YES;
				IPHONEOS_DEPLOYMENT_TARGET = 15.5;
				MARKETING_VERSION = 1.0;
				PRODUCT_BUNDLE_IDENTIFIER = com.Tshedza.WeatherTests;
				PRODUCT_NAME = "$(TARGET_NAME)";
				SWIFT_EMIT_LOC_STRINGS = NO;
				SWIFT_VERSION = 5.0;
				TARGETED_DEVICE_FAMILY = "1,2";
				TEST_HOST = "$(BUILT_PRODUCTS_DIR)/Weather.app/Weather";
			};
			name = Debug;
		};
		58BC28042912F51900FEC46A /* Release */ = {
			isa = XCBuildConfiguration;
			buildSettings = {
				ALWAYS_EMBED_SWIFT_STANDARD_LIBRARIES = YES;
				BUNDLE_LOADER = "$(TEST_HOST)";
				CODE_SIGN_STYLE = Automatic;
				CURRENT_PROJECT_VERSION = 1;
				GENERATE_INFOPLIST_FILE = YES;
				IPHONEOS_DEPLOYMENT_TARGET = 15.5;
				MARKETING_VERSION = 1.0;
				PRODUCT_BUNDLE_IDENTIFIER = com.Tshedza.WeatherTests;
				PRODUCT_NAME = "$(TARGET_NAME)";
				SWIFT_EMIT_LOC_STRINGS = NO;
				SWIFT_VERSION = 5.0;
				TARGETED_DEVICE_FAMILY = "1,2";
				TEST_HOST = "$(BUILT_PRODUCTS_DIR)/Weather.app/Weather";
			};
			name = Release;
		};
		58BC28062912F51900FEC46A /* Debug */ = {
			isa = XCBuildConfiguration;
			buildSettings = {
				ALWAYS_EMBED_SWIFT_STANDARD_LIBRARIES = YES;
				CODE_SIGN_STYLE = Automatic;
				CURRENT_PROJECT_VERSION = 1;
				GENERATE_INFOPLIST_FILE = YES;
				MARKETING_VERSION = 1.0;
				PRODUCT_BUNDLE_IDENTIFIER = com.Tshedza.WeatherUITests;
				PRODUCT_NAME = "$(TARGET_NAME)";
				SWIFT_EMIT_LOC_STRINGS = NO;
				SWIFT_VERSION = 5.0;
				TARGETED_DEVICE_FAMILY = "1,2";
				TEST_TARGET_NAME = Weather;
			};
			name = Debug;
		};
		58BC28072912F51900FEC46A /* Release */ = {
			isa = XCBuildConfiguration;
			buildSettings = {
				ALWAYS_EMBED_SWIFT_STANDARD_LIBRARIES = YES;
				CODE_SIGN_STYLE = Automatic;
				CURRENT_PROJECT_VERSION = 1;
				GENERATE_INFOPLIST_FILE = YES;
				MARKETING_VERSION = 1.0;
				PRODUCT_BUNDLE_IDENTIFIER = com.Tshedza.WeatherUITests;
				PRODUCT_NAME = "$(TARGET_NAME)";
				SWIFT_EMIT_LOC_STRINGS = NO;
				SWIFT_VERSION = 5.0;
				TARGETED_DEVICE_FAMILY = "1,2";
				TEST_TARGET_NAME = Weather;
			};
			name = Release;
		};
/* End XCBuildConfiguration section */

/* Begin XCConfigurationList section */
		58BC27D02912F51600FEC46A /* Build configuration list for PBXProject "Weather" */ = {
			isa = XCConfigurationList;
			buildConfigurations = (
				58BC27FD2912F51900FEC46A /* Debug */,
				58BC27FE2912F51900FEC46A /* Release */,
			);
			defaultConfigurationIsVisible = 0;
			defaultConfigurationName = Release;
		};
		58BC27FF2912F51900FEC46A /* Build configuration list for PBXNativeTarget "Weather" */ = {
			isa = XCConfigurationList;
			buildConfigurations = (
				58BC28002912F51900FEC46A /* Debug */,
				58BC28012912F51900FEC46A /* Release */,
			);
			defaultConfigurationIsVisible = 0;
			defaultConfigurationName = Release;
		};
		58BC28022912F51900FEC46A /* Build configuration list for PBXNativeTarget "WeatherTests" */ = {
			isa = XCConfigurationList;
			buildConfigurations = (
				58BC28032912F51900FEC46A /* Debug */,
				58BC28042912F51900FEC46A /* Release */,
			);
			defaultConfigurationIsVisible = 0;
			defaultConfigurationName = Release;
		};
		58BC28052912F51900FEC46A /* Build configuration list for PBXNativeTarget "WeatherUITests" */ = {
			isa = XCConfigurationList;
			buildConfigurations = (
				58BC28062912F51900FEC46A /* Debug */,
				58BC28072912F51900FEC46A /* Release */,
			);
			defaultConfigurationIsVisible = 0;
			defaultConfigurationName = Release;
		};
/* End XCConfigurationList section */
	};
	rootObject = 58BC27CD2912F51600FEC46A /* Project object */;
}
